
Microsoft Visual Studio Solution File, Format Version 11.00
# Visual Studio 2010
Project("{FAE04EC0-301F-11D3-BF4B-00C04F79EFBC}") = "MyBiaso", "MyBiaso\MyBiaso.csproj", "{43184F3F-81D3-4480-B0FE-4BEFF4099349}"
EndProject
Project("{FAE04EC0-301F-11D3-BF4B-00C04F79EFBC}") = "MyBiaso.Plugin.Startup", "MyBiaso.Plugin.Startup\MyBiaso.Plugin.Startup.csproj", "{C59F531B-D760-46E5-A54B-BCD7C9EE2183}"
EndProject
Project("{FAE04EC0-301F-11D3-BF4B-00C04F79EFBC}") = "MyBiaso.Policy.ProductLine.Standard", "MyBiaso.Policy.ProductLine.Standard\MyBiaso.Policy.ProductLine.Standard.csproj", "{41612991-5824-4215-9161-328AF8636CA9}"
EndProject
Project("{FAE04EC0-301F-11D3-BF4B-00C04F79EFBC}") = "MyBiaso.Themes.Obsidian", "MyBiaso.Themes.Obsidian\MyBiaso.Themes.Obsidian.csproj", "{A6337A3E-FF8E-4995-8CBD-8BAA3C5A75D6}"
EndProject
Project("{2150E333-8FDC-42A3-9474-1A3956D46DE8}") = "Core", "Core", "{5791B9AB-5270-4078-8E5D-55EEB835EA6C}"
EndProject
Project("{2150E333-8FDC-42A3-9474-1A3956D46DE8}") = "Themes", "Themes", "{57F3F0B2-9A15-4061-B694-E2250E5355D6}"
EndProject
Project("{2150E333-8FDC-42A3-9474-1A3956D46DE8}") = "Policies", "Policies", "{A8D683F6-865C-44F2-8FBB-C298601B4141}"
EndProject
Project("{2150E333-8FDC-42A3-9474-1A3956D46DE8}") = "UI", "UI", "{1FD7097D-DF2C-4C05-A5FD-D7C4AF53DD0E}"
EndProject
Project("{FAE04EC0-301F-11D3-BF4B-00C04F79EFBC}") = "MyBiaso.Core.Model", "MyBiaso.Core.Model\MyBiaso.Core.Model.csproj", "{925766A0-7BBE-487A-8CB2-6D186E0F3347}"
EndProject
Project("{FAE04EC0-301F-11D3-BF4B-00C04F79EFBC}") = "MyBiaso.Core.Customer", "MyBiaso.Core.Customer\MyBiaso.Core.Customer.csproj", "{1E85B173-6DF8-40CF-B4E6-28941780A7A9}"
EndProject
Project("{FAE04EC0-301F-11D3-BF4B-00C04F79EFBC}") = "MyBiaso.Plugin.Customer", "MyBiaso.Plugin.Customer\MyBiaso.Plugin.Customer.csproj", "{EDB4614E-6595-4002-B127-13973C36A593}"
EndProject
Project("{FAE04EC0-301F-11D3-BF4B-00C04F79EFBC}") = "MyBiaso.Core", "MyBiaso.Core\MyBiaso.Core.csproj", "{6F3F839C-C7B2-4FFD-9FBD-2B112056D5FD}"
EndProject
Project("{FAE04EC0-301F-11D3-BF4B-00C04F79EFBC}") = "MyBiaso.Core.Setting", "MyBiaso.Core.Setting\MyBiaso.Core.Setting.csproj", "{F0188264-69FE-4BD5-9398-617ECB0194E9}"
EndProject
Project("{FAE04EC0-301F-11D3-BF4B-00C04F79EFBC}") = "MyBiaso.Plugin.Settings", "MyBiaso.Plugin.Settings\MyBiaso.Plugin.Settings.csproj", "{824B2261-29B8-4284-A5EF-1CECCA7AD062}"
EndProject
Project("{FAE04EC0-301F-11D3-BF4B-00C04F79EFBC}") = "MyBiaso.Core.Activities", "MyBiaso.Core.Activities\MyBiaso.Core.Activities.csproj", "{FE5F373B-DA7F-429D-991F-CC8EB019A409}"
EndProject
Project("{FAE04EC0-301F-11D3-BF4B-00C04F79EFBC}") = "MyBiaso.Plugin.Activities", "MyBiaso.Plugin.Activities\MyBiaso.Plugin.Activities.csproj", "{69967A6E-6AF3-4B81-BCDE-755BBE276B9B}"
EndProject
Project("{FAE04EC0-301F-11D3-BF4B-00C04F79EFBC}") = "MyBiaso.Core.DistanceCalculation", "MyBiaso.Core.DistanceCalculation\MyBiaso.Core.DistanceCalculation.csproj", "{590FC7B9-4AC8-4E6B-8C9D-4F23C2C3B612}"
EndProject
Project("{FAE04EC0-301F-11D3-BF4B-00C04F79EFBC}") = "MyBiaso.Plugin.Reporting", "MyBiaso.Plugin.Reporting\MyBiaso.Plugin.Reporting.csproj", "{81166686-CC51-414C-A7B0-5842C0F28683}"
EndProject
Project("{FAE04EC0-301F-11D3-BF4B-00C04F79EFBC}") = "MyBiaso.Core.Reporting", "MyBiaso.Core.Reporting\MyBiaso.Core.Reporting.csproj", "{F6EC6F46-99AC-49AC-BC35-91E8F8B08908}"
EndProject
Global
	GlobalSection(SolutionConfigurationPlatforms) = preSolution
		Debug|Any CPU = Debug|Any CPU
		Debug|Mixed Platforms = Debug|Mixed Platforms
		Debug|x86 = Debug|x86
		Release|Any CPU = Release|Any CPU
		Release|Mixed Platforms = Release|Mixed Platforms
		Release|x86 = Release|x86
	EndGlobalSection
	GlobalSection(ProjectConfigurationPlatforms) = postSolution
		{43184F3F-81D3-4480-B0FE-4BEFF4099349}.Debug|Any CPU.ActiveCfg = Debug|x86
		{43184F3F-81D3-4480-B0FE-4BEFF4099349}.Debug|Mixed Platforms.ActiveCfg = Debug|x86
		{43184F3F-81D3-4480-B0FE-4BEFF4099349}.Debug|Mixed Platforms.Build.0 = Debug|x86
		{43184F3F-81D3-4480-B0FE-4BEFF4099349}.Debug|x86.ActiveCfg = Debug|x86
		{43184F3F-81D3-4480-B0FE-4BEFF4099349}.Debug|x86.Build.0 = Debug|x86
		{43184F3F-81D3-4480-B0FE-4BEFF4099349}.Release|Any CPU.ActiveCfg = Release|x86
		{43184F3F-81D3-4480-B0FE-4BEFF4099349}.Release|Mixed Platforms.ActiveCfg = Release|x86
		{43184F3F-81D3-4480-B0FE-4BEFF4099349}.Release|Mixed Platforms.Build.0 = Release|x86
		{43184F3F-81D3-4480-B0FE-4BEFF4099349}.Release|x86.ActiveCfg = Release|x86
		{43184F3F-81D3-4480-B0FE-4BEFF4099349}.Release|x86.Build.0 = Release|x86
		{C59F531B-D760-46E5-A54B-BCD7C9EE2183}.Debug|Any CPU.ActiveCfg = Debug|Any CPU
		{C59F531B-D760-46E5-A54B-BCD7C9EE2183}.Debug|Any CPU.Build.0 = Debug|Any CPU
		{C59F531B-D760-46E5-A54B-BCD7C9EE2183}.Debug|Mixed Platforms.ActiveCfg = Debug|Any CPU
		{C59F531B-D760-46E5-A54B-BCD7C9EE2183}.Debug|Mixed Platforms.Build.0 = Debug|Any CPU
		{C59F531B-D760-46E5-A54B-BCD7C9EE2183}.Debug|x86.ActiveCfg = Debug|Any CPU
		{C59F531B-D760-46E5-A54B-BCD7C9EE2183}.Release|Any CPU.ActiveCfg = Release|Any CPU
		{C59F531B-D760-46E5-A54B-BCD7C9EE2183}.Release|Any CPU.Build.0 = Release|Any CPU
		{C59F531B-D760-46E5-A54B-BCD7C9EE2183}.Release|Mixed Platforms.ActiveCfg = Release|Any CPU
		{C59F531B-D760-46E5-A54B-BCD7C9EE2183}.Release|Mixed Platforms.Build.0 = Release|Any CPU
		{C59F531B-D760-46E5-A54B-BCD7C9EE2183}.Release|x86.ActiveCfg = Release|Any CPU
		{41612991-5824-4215-9161-328AF8636CA9}.Debug|Any CPU.ActiveCfg = Debug|Any CPU
		{41612991-5824-4215-9161-328AF8636CA9}.Debug|Any CPU.Build.0 = Debug|Any CPU
		{41612991-5824-4215-9161-328AF8636CA9}.Debug|Mixed Platforms.ActiveCfg = Debug|Any CPU
		{41612991-5824-4215-9161-328AF8636CA9}.Debug|Mixed Platforms.Build.0 = Debug|Any CPU
		{41612991-5824-4215-9161-328AF8636CA9}.Debug|x86.ActiveCfg = Debug|Any CPU
		{41612991-5824-4215-9161-328AF8636CA9}.Release|Any CPU.ActiveCfg = Release|Any CPU
		{41612991-5824-4215-9161-328AF8636CA9}.Release|Any CPU.Build.0 = Release|Any CPU
		{41612991-5824-4215-9161-328AF8636CA9}.Release|Mixed Platforms.ActiveCfg = Release|Any CPU
		{41612991-5824-4215-9161-328AF8636CA9}.Release|Mixed Platforms.Build.0 = Release|Any CPU
		{41612991-5824-4215-9161-328AF8636CA9}.Release|x86.ActiveCfg = Release|Any CPU
		{A6337A3E-FF8E-4995-8CBD-8BAA3C5A75D6}.Debug|Any CPU.ActiveCfg = Debug|Any CPU
		{A6337A3E-FF8E-4995-8CBD-8BAA3C5A75D6}.Debug|Any CPU.Build.0 = Debug|Any CPU
		{A6337A3E-FF8E-4995-8CBD-8BAA3C5A75D6}.Debug|Mixed Platforms.ActiveCfg = Debug|Any CPU
		{A6337A3E-FF8E-4995-8CBD-8BAA3C5A75D6}.Debug|Mixed Platforms.Build.0 = Debug|Any CPU
		{A6337A3E-FF8E-4995-8CBD-8BAA3C5A75D6}.Debug|x86.ActiveCfg = Debug|Any CPU
		{A6337A3E-FF8E-4995-8CBD-8BAA3C5A75D6}.Release|Any CPU.ActiveCfg = Release|Any CPU
		{A6337A3E-FF8E-4995-8CBD-8BAA3C5A75D6}.Release|Any CPU.Build.0 = Release|Any CPU
		{A6337A3E-FF8E-4995-8CBD-8BAA3C5A75D6}.Release|Mixed Platforms.ActiveCfg = Release|Any CPU
		{A6337A3E-FF8E-4995-8CBD-8BAA3C5A75D6}.Release|Mixed Platforms.Build.0 = Release|Any CPU
		{A6337A3E-FF8E-4995-8CBD-8BAA3C5A75D6}.Release|x86.ActiveCfg = Release|Any CPU
		{925766A0-7BBE-487A-8CB2-6D186E0F3347}.Debug|Any CPU.ActiveCfg = Debug|Any CPU
		{925766A0-7BBE-487A-8CB2-6D186E0F3347}.Debug|Any CPU.Build.0 = Debug|Any CPU
		{925766A0-7BBE-487A-8CB2-6D186E0F3347}.Debug|Mixed Platforms.ActiveCfg = Debug|Any CPU
		{925766A0-7BBE-487A-8CB2-6D186E0F3347}.Debug|Mixed Platforms.Build.0 = Debug|Any CPU
		{925766A0-7BBE-487A-8CB2-6D186E0F3347}.Debug|x86.ActiveCfg = Debug|Any CPU
		{925766A0-7BBE-487A-8CB2-6D186E0F3347}.Release|Any CPU.ActiveCfg = Release|Any CPU
		{925766A0-7BBE-487A-8CB2-6D186E0F3347}.Release|Any CPU.Build.0 = Release|Any CPU
		{925766A0-7BBE-487A-8CB2-6D186E0F3347}.Release|Mixed Platforms.ActiveCfg = Release|Any CPU
		{925766A0-7BBE-487A-8CB2-6D186E0F3347}.Release|Mixed Platforms.Build.0 = Release|Any CPU
		{925766A0-7BBE-487A-8CB2-6D186E0F3347}.Release|x86.ActiveCfg = Release|Any CPU
		{1E85B173-6DF8-40CF-B4E6-28941780A7A9}.Debug|Any CPU.ActiveCfg = Debug|Any CPU
		{1E85B173-6DF8-40CF-B4E6-28941780A7A9}.Debug|Any CPU.Build.0 = Debug|Any CPU
		{1E85B173-6DF8-40CF-B4E6-28941780A7A9}.Debug|Mixed Platforms.ActiveCfg = Debug|Any CPU
		{1E85B173-6DF8-40CF-B4E6-28941780A7A9}.Debug|Mixed Platforms.Build.0 = Debug|Any CPU
		{1E85B173-6DF8-40CF-B4E6-28941780A7A9}.Debug|x86.ActiveCfg = Debug|Any CPU
		{1E85B173-6DF8-40CF-B4E6-28941780A7A9}.Release|Any CPU.ActiveCfg = Release|Any CPU
		{1E85B173-6DF8-40CF-B4E6-28941780A7A9}.Release|Any CPU.Build.0 = Release|Any CPU
		{1E85B173-6DF8-40CF-B4E6-28941780A7A9}.Release|Mixed Platforms.ActiveCfg = Release|Any CPU
		{1E85B173-6DF8-40CF-B4E6-28941780A7A9}.Release|Mixed Platforms.Build.0 = Release|Any CPU
		{1E85B173-6DF8-40CF-B4E6-28941780A7A9}.Release|x86.ActiveCfg = Release|Any CPU
		{EDB4614E-6595-4002-B127-13973C36A593}.Debug|Any CPU.ActiveCfg = Debug|Any CPU
		{EDB4614E-6595-4002-B127-13973C36A593}.Debug|Any CPU.Build.0 = Debug|Any CPU
		{EDB4614E-6595-4002-B127-13973C36A593}.Debug|Mixed Platforms.ActiveCfg = Debug|Any CPU
		{EDB4614E-6595-4002-B127-13973C36A593}.Debug|Mixed Platforms.Build.0 = Debug|Any CPU
		{EDB4614E-6595-4002-B127-13973C36A593}.Debug|x86.ActiveCfg = Debug|Any CPU
		{EDB4614E-6595-4002-B127-13973C36A593}.Release|Any CPU.ActiveCfg = Release|Any CPU
		{EDB4614E-6595-4002-B127-13973C36A593}.Release|Any CPU.Build.0 = Release|Any CPU
		{EDB4614E-6595-4002-B127-13973C36A593}.Release|Mixed Platforms.ActiveCfg = Release|Any CPU
		{EDB4614E-6595-4002-B127-13973C36A593}.Release|Mixed Platforms.Build.0 = Release|Any CPU
		{EDB4614E-6595-4002-B127-13973C36A593}.Release|x86.ActiveCfg = Release|Any CPU
		{6F3F839C-C7B2-4FFD-9FBD-2B112056D5FD}.Debug|Any CPU.ActiveCfg = Debug|Any CPU
		{6F3F839C-C7B2-4FFD-9FBD-2B112056D5FD}.Debug|Any CPU.Build.0 = Debug|Any CPU
		{6F3F839C-C7B2-4FFD-9FBD-2B112056D5FD}.Debug|Mixed Platforms.ActiveCfg = Debug|Any CPU
		{6F3F839C-C7B2-4FFD-9FBD-2B112056D5FD}.Debug|Mixed Platforms.Build.0 = Debug|Any CPU
		{6F3F839C-C7B2-4FFD-9FBD-2B112056D5FD}.Debug|x86.ActiveCfg = Debug|Any CPU
		{6F3F839C-C7B2-4FFD-9FBD-2B112056D5FD}.Release|Any CPU.ActiveCfg = Release|Any CPU
		{6F3F839C-C7B2-4FFD-9FBD-2B112056D5FD}.Release|Any CPU.Build.0 = Release|Any CPU
		{6F3F839C-C7B2-4FFD-9FBD-2B112056D5FD}.Release|Mixed Platforms.ActiveCfg = Release|Any CPU
		{6F3F839C-C7B2-4FFD-9FBD-2B112056D5FD}.Release|Mixed Platforms.Build.0 = Release|Any CPU
		{6F3F839C-C7B2-4FFD-9FBD-2B112056D5FD}.Release|x86.ActiveCfg = Release|Any CPU
		{F0188264-69FE-4BD5-9398-617ECB0194E9}.Debug|Any CPU.ActiveCfg = Debug|Any CPU
		{F0188264-69FE-4BD5-9398-617ECB0194E9}.Debug|Any CPU.Build.0 = Debug|Any CPU
		{F0188264-69FE-4BD5-9398-617ECB0194E9}.Debug|Mixed Platforms.ActiveCfg = Debug|Any CPU
		{F0188264-69FE-4BD5-9398-617ECB0194E9}.Debug|Mixed Platforms.Build.0 = Debug|Any CPU
		{F0188264-69FE-4BD5-9398-617ECB0194E9}.Debug|x86.ActiveCfg = Debug|Any CPU
		{F0188264-69FE-4BD5-9398-617ECB0194E9}.Release|Any CPU.ActiveCfg = Release|Any CPU
		{F0188264-69FE-4BD5-9398-617ECB0194E9}.Release|Any CPU.Build.0 = Release|Any CPU
		{F0188264-69FE-4BD5-9398-617ECB0194E9}.Release|Mixed Platforms.ActiveCfg = Release|Any CPU
		{F0188264-69FE-4BD5-9398-617ECB0194E9}.Release|Mixed Platforms.Build.0 = Release|Any CPU
		{F0188264-69FE-4BD5-9398-617ECB0194E9}.Release|x86.ActiveCfg = Release|Any CPU
		{824B2261-29B8-4284-A5EF-1CECCA7AD062}.Debug|Any CPU.ActiveCfg = Debug|Any CPU
		{824B2261-29B8-4284-A5EF-1CECCA7AD062}.Debug|Any CPU.Build.0 = Debug|Any CPU
		{824B2261-29B8-4284-A5EF-1CECCA7AD062}.Debug|Mixed Platforms.ActiveCfg = Debug|Any CPU
		{824B2261-29B8-4284-A5EF-1CECCA7AD062}.Debug|Mixed Platforms.Build.0 = Debug|Any CPU
		{824B2261-29B8-4284-A5EF-1CECCA7AD062}.Debug|x86.ActiveCfg = Debug|Any CPU
		{824B2261-29B8-4284-A5EF-1CECCA7AD062}.Release|Any CPU.ActiveCfg = Release|Any CPU
		{824B2261-29B8-4284-A5EF-1CECCA7AD062}.Release|Any CPU.Build.0 = Release|Any CPU
		{824B2261-29B8-4284-A5EF-1CECCA7AD062}.Release|Mixed Platforms.ActiveCfg = Release|Any CPU
		{824B2261-29B8-4284-A5EF-1CECCA7AD062}.Release|Mixed Platforms.Build.0 = Release|Any CPU
		{824B2261-29B8-4284-A5EF-1CECCA7AD062}.Release|x86.ActiveCfg = Release|Any CPU
		{FE5F373B-DA7F-429D-991F-CC8EB019A409}.Debug|Any CPU.ActiveCfg = Debug|Any CPU
		{FE5F373B-DA7F-429D-991F-CC8EB019A409}.Debug|Any CPU.Build.0 = Debug|Any CPU
		{FE5F373B-DA7F-429D-991F-CC8EB019A409}.Debug|Mixed Platforms.ActiveCfg = Debug|Any CPU
		{FE5F373B-DA7F-429D-991F-CC8EB019A409}.Debug|Mixed Platforms.Build.0 = Debug|Any CPU
		{FE5F373B-DA7F-429D-991F-CC8EB019A409}.Debug|x86.ActiveCfg = Debug|Any CPU
		{FE5F373B-DA7F-429D-991F-CC8EB019A409}.Release|Any CPU.ActiveCfg = Release|Any CPU
		{FE5F373B-DA7F-429D-991F-CC8EB019A409}.Release|Any CPU.Build.0 = Release|Any CPU
		{FE5F373B-DA7F-429D-991F-CC8EB019A409}.Release|Mixed Platforms.ActiveCfg = Release|Any CPU
		{FE5F373B-DA7F-429D-991F-CC8EB019A409}.Release|Mixed Platforms.Build.0 = Release|Any CPU
		{FE5F373B-DA7F-429D-991F-CC8EB019A409}.Release|x86.ActiveCfg = Release|Any CPU
		{69967A6E-6AF3-4B81-BCDE-755BBE276B9B}.Debug|Any CPU.ActiveCfg = Debug|Any CPU
		{69967A6E-6AF3-4B81-BCDE-755BBE276B9B}.Debug|Any CPU.Build.0 = Debug|Any CPU
		{69967A6E-6AF3-4B81-BCDE-755BBE276B9B}.Debug|Mixed Platforms.ActiveCfg = Debug|Any CPU
		{69967A6E-6AF3-4B81-BCDE-755BBE276B9B}.Debug|Mixed Platforms.Build.0 = Debug|Any CPU
		{69967A6E-6AF3-4B81-BCDE-755BBE276B9B}.Debug|x86.ActiveCfg = Debug|Any CPU
		{69967A6E-6AF3-4B81-BCDE-755BBE276B9B}.Release|Any CPU.ActiveCfg = Release|Any CPU
		{69967A6E-6AF3-4B81-BCDE-755BBE276B9B}.Release|Any CPU.Build.0 = Release|Any CPU
		{69967A6E-6AF3-4B81-BCDE-755BBE276B9B}.Release|Mixed Platforms.ActiveCfg = Release|Any CPU
		{69967A6E-6AF3-4B81-BCDE-755BBE276B9B}.Release|Mixed Platforms.Build.0 = Release|Any CPU
		{69967A6E-6AF3-4B81-BCDE-755BBE276B9B}.Release|x86.ActiveCfg = Release|Any CPU
		{590FC7B9-4AC8-4E6B-8C9D-4F23C2C3B612}.Debug|Any CPU.ActiveCfg = Debug|Any CPU
		{590FC7B9-4AC8-4E6B-8C9D-4F23C2C3B612}.Debug|Any CPU.Build.0 = Debug|Any CPU
		{590FC7B9-4AC8-4E6B-8C9D-4F23C2C3B612}.Debug|Mixed Platforms.ActiveCfg = Debug|Any CPU
		{590FC7B9-4AC8-4E6B-8C9D-4F23C2C3B612}.Debug|Mixed Platforms.Build.0 = Debug|Any CPU
		{590FC7B9-4AC8-4E6B-8C9D-4F23C2C3B612}.Debug|x86.ActiveCfg = Debug|Any CPU
		{590FC7B9-4AC8-4E6B-8C9D-4F23C2C3B612}.Release|Any CPU.ActiveCfg = Release|Any CPU
		{590FC7B9-4AC8-4E6B-8C9D-4F23C2C3B612}.Release|Any CPU.Build.0 = Release|Any CPU
		{590FC7B9-4AC8-4E6B-8C9D-4F23C2C3B612}.Release|Mixed Platforms.ActiveCfg = Release|Any CPU
		{590FC7B9-4AC8-4E6B-8C9D-4F23C2C3B612}.Release|Mixed Platforms.Build.0 = Release|Any CPU
		{590FC7B9-4AC8-4E6B-8C9D-4F23C2C3B612}.Release|x86.ActiveCfg = Release|Any CPU
		{81166686-CC51-414C-A7B0-5842C0F28683}.Debug|Any CPU.ActiveCfg = Debug|Any CPU
		{81166686-CC51-414C-A7B0-5842C0F28683}.Debug|Any CPU.Build.0 = Debug|Any CPU
		{81166686-CC51-414C-A7B0-5842C0F28683}.Debug|Mixed Platforms.ActiveCfg = Debug|Any CPU
		{81166686-CC51-414C-A7B0-5842C0F28683}.Debug|Mixed Platforms.Build.0 = Debug|Any CPU
		{81166686-CC51-414C-A7B0-5842C0F28683}.Debug|x86.ActiveCfg = Debug|Any CPU
		{81166686-CC51-414C-A7B0-5842C0F28683}.Release|Any CPU.ActiveCfg = Release|Any CPU
		{81166686-CC51-414C-A7B0-5842C0F28683}.Release|Any CPU.Build.0 = Release|Any CPU
		{81166686-CC51-414C-A7B0-5842C0F28683}.Release|Mixed Platforms.ActiveCfg = Release|Any CPU
		{81166686-CC51-414C-A7B0-5842C0F28683}.Release|Mixed Platforms.Build.0 = Release|Any CPU
		{81166686-CC51-414C-A7B0-5842C0F28683}.Release|x86.ActiveCfg = Release|Any CPU
		{F6EC6F46-99AC-49AC-BC35-91E8F8B08908}.Debug|Any CPU.ActiveCfg = Debug|Any CPU
		{F6EC6F46-99AC-49AC-BC35-91E8F8B08908}.Debug|Any CPU.Build.0 = Debug|Any CPU
		{F6EC6F46-99AC-49AC-BC35-91E8F8B08908}.Debug|Mixed Platforms.ActiveCfg = Debug|Any CPU
		{F6EC6F46-99AC-49AC-BC35-91E8F8B08908}.Debug|Mixed Platforms.Build.0 = Debug|Any CPU
		{F6EC6F46-99AC-49AC-BC35-91E8F8B08908}.Debug|x86.ActiveCfg = Debug|Any CPU
		{F6EC6F46-99AC-49AC-BC35-91E8F8B08908}.Release|Any CPU.ActiveCfg = Release|Any CPU
		{F6EC6F46-99AC-49AC-BC35-91E8F8B08908}.Release|Any CPU.Build.0 = Release|Any CPU
		{F6EC6F46-99AC-49AC-BC35-91E8F8B08908}.Release|Mixed Platforms.ActiveCfg = Release|Any CPU
		{F6EC6F46-99AC-49AC-BC35-91E8F8B08908}.Release|Mixed Platforms.Build.0 = Release|Any CPU
		{F6EC6F46-99AC-49AC-BC35-91E8F8B08908}.Release|x86.ActiveCfg = Release|Any CPU
	EndGlobalSection
	GlobalSection(SolutionProperties) = preSolution
		HideSolutionNode = FALSE
	EndGlobalSection
	GlobalSection(NestedProjects) = preSolution
		{C59F531B-D760-46E5-A54B-BCD7C9EE2183} = {1FD7097D-DF2C-4C05-A5FD-D7C4AF53DD0E}
		{43184F3F-81D3-4480-B0FE-4BEFF4099349} = {1FD7097D-DF2C-4C05-A5FD-D7C4AF53DD0E}
		{EDB4614E-6595-4002-B127-13973C36A593} = {1FD7097D-DF2C-4C05-A5FD-D7C4AF53DD0E}
		{824B2261-29B8-4284-A5EF-1CECCA7AD062} = {1FD7097D-DF2C-4C05-A5FD-D7C4AF53DD0E}
		{69967A6E-6AF3-4B81-BCDE-755BBE276B9B} = {1FD7097D-DF2C-4C05-A5FD-D7C4AF53DD0E}
		{81166686-CC51-414C-A7B0-5842C0F28683} = {1FD7097D-DF2C-4C05-A5FD-D7C4AF53DD0E}
		{41612991-5824-4215-9161-328AF8636CA9} = {A8D683F6-865C-44F2-8FBB-C298601B4141}
		{A6337A3E-FF8E-4995-8CBD-8BAA3C5A75D6} = {57F3F0B2-9A15-4061-B694-E2250E5355D6}
		{925766A0-7BBE-487A-8CB2-6D186E0F3347} = {5791B9AB-5270-4078-8E5D-55EEB835EA6C}
		{1E85B173-6DF8-40CF-B4E6-28941780A7A9} = {5791B9AB-5270-4078-8E5D-55EEB835EA6C}
		{6F3F839C-C7B2-4FFD-9FBD-2B112056D5FD} = {5791B9AB-5270-4078-8E5D-55EEB835EA6C}
		{F0188264-69FE-4BD5-9398-617ECB0194E9} = {5791B9AB-5270-4078-8E5D-55EEB835EA6C}
		{FE5F373B-DA7F-429D-991F-CC8EB019A409} = {5791B9AB-5270-4078-8E5D-55EEB835EA6C}
		{590FC7B9-4AC8-4E6B-8C9D-4F23C2C3B612} = {5791B9AB-5270-4078-8E5D-55EEB835EA6C}
		{F6EC6F46-99AC-49AC-BC35-91E8F8B08908} = {5791B9AB-5270-4078-8E5D-55EEB835EA6C}
	EndGlobalSection
EndGlobal
